// !$*UTF8*$!
{
	archiveVersion = 1;
	classes = {
	};
	objectVersion = 50;
	objects = {

/* Begin PBXBuildFile section */
		4C686C2A24C7665F002D590D /* AppDelegate.swift in Sources */ = {isa = PBXBuildFile; fileRef = 4C686C2924C7665F002D590D /* AppDelegate.swift */; };
		4C686C2C24C7665F002D590D /* SceneDelegate.swift in Sources */ = {isa = PBXBuildFile; fileRef = 4C686C2B24C7665F002D590D /* SceneDelegate.swift */; };
		4C686C2E24C7665F002D590D /* ViewController.swift in Sources */ = {isa = PBXBuildFile; fileRef = 4C686C2D24C7665F002D590D /* ViewController.swift */; };
		4C686C3124C7665F002D590D /* Main.storyboard in Resources */ = {isa = PBXBuildFile; fileRef = 4C686C2F24C7665F002D590D /* Main.storyboard */; };
		4C686C3324C76663002D590D /* Assets.xcassets in Resources */ = {isa = PBXBuildFile; fileRef = 4C686C3224C76663002D590D /* Assets.xcassets */; };
		4C686C3624C76663002D590D /* LaunchScreen.storyboard in Resources */ = {isa = PBXBuildFile; fileRef = 4C686C3424C76663002D590D /* LaunchScreen.storyboard */; };
		627E43B4FC56049943BAF718 /* Pods_ppm_ios.framework in Frameworks */ = {isa = PBXBuildFile; fileRef = 307722AFA2BCDB58160DE6E5 /* Pods_ppm_ios.framework */; };
/* End PBXBuildFile section */

/* Begin PBXFileReference section */
		307722AFA2BCDB58160DE6E5 /* Pods_ppm_ios.framework */ = {isa = PBXFileReference; explicitFileType = wrapper.framework; includeInIndex = 0; path = Pods_ppm_ios.framework; sourceTree = BUILT_PRODUCTS_DIR; };
		4C686C2624C7665F002D590D /* ppm-ios.app */ = {isa = PBXFileReference; explicitFileType = wrapper.application; includeInIndex = 0; path = "ppm-ios.app"; sourceTree = BUILT_PRODUCTS_DIR; };
		4C686C2924C7665F002D590D /* AppDelegate.swift */ = {isa = PBXFileReference; lastKnownFileType = sourcecode.swift; path = AppDelegate.swift; sourceTree = "<group>"; };
		4C686C2B24C7665F002D590D /* SceneDelegate.swift */ = {isa = PBXFileReference; lastKnownFileType = sourcecode.swift; path = SceneDelegate.swift; sourceTree = "<group>"; };
		4C686C2D24C7665F002D590D /* ViewController.swift */ = {isa = PBXFileReference; lastKnownFileType = sourcecode.swift; path = ViewController.swift; sourceTree = "<group>"; };
		4C686C3024C7665F002D590D /* Base */ = {isa = PBXFileReference; lastKnownFileType = file.storyboard; name = Base; path = Base.lproj/Main.storyboard; sourceTree = "<group>"; };
		4C686C3224C76663002D590D /* Assets.xcassets */ = {isa = PBXFileReference; lastKnownFileType = folder.assetcatalog; path = Assets.xcassets; sourceTree = "<group>"; };
		4C686C3524C76663002D590D /* Base */ = {isa = PBXFileReference; lastKnownFileType = file.storyboard; name = Base; path = Base.lproj/LaunchScreen.storyboard; sourceTree = "<group>"; };
		4C686C3724C76663002D590D /* Info.plist */ = {isa = PBXFileReference; lastKnownFileType = text.plist.xml; path = Info.plist; sourceTree = "<group>"; };
		99E207D9939236A6974AB774 /* Pods-ppm-ios.release.xcconfig */ = {isa = PBXFileReference; includeInIndex = 1; lastKnownFileType = text.xcconfig; name = "Pods-ppm-ios.release.xcconfig"; path = "Target Support Files/Pods-ppm-ios/Pods-ppm-ios.release.xcconfig"; sourceTree = "<group>"; };
		B6B845338D913B64B3612BE4 /* Pods-ppm-ios.debug.xcconfig */ = {isa = PBXFileReference; includeInIndex = 1; lastKnownFileType = text.xcconfig; name = "Pods-ppm-ios.debug.xcconfig"; path = "Target Support Files/Pods-ppm-ios/Pods-ppm-ios.debug.xcconfig"; sourceTree = "<group>"; };
/* End PBXFileReference section */

/* Begin PBXFrameworksBuildPhase section */
		4C686C2324C7665F002D590D /* Frameworks */ = {
			isa = PBXFrameworksBuildPhase;
			buildActionMask = 2147483647;
			files = (
				627E43B4FC56049943BAF718 /* Pods_ppm_ios.framework in Frameworks */,
			);
			runOnlyForDeploymentPostprocessing = 0;
		};
/* End PBXFrameworksBuildPhase section */

/* Begin PBXGroup section */
		4C686C1D24C7665F002D590D = {
			isa = PBXGroup;
			children = (
				4C686C2824C7665F002D590D /* ppm-ios */,
				4C686C2724C7665F002D590D /* Products */,
				DFEC8D3ACA3D04F373B33FC0 /* Pods */,
				F005C0DC3C7C0918AFCBFF2F /* Frameworks */,
			);
			sourceTree = "<group>";
		};
		4C686C2724C7665F002D590D /* Products */ = {
			isa = PBXGroup;
			children = (
				4C686C2624C7665F002D590D /* ppm-ios.app */,
			);
			name = Products;
			sourceTree = "<group>";
		};
		4C686C2824C7665F002D590D /* ppm-ios */ = {
			isa = PBXGroup;
			children = (
				4C686C2924C7665F002D590D /* AppDelegate.swift */,
				4C686C2B24C7665F002D590D /* SceneDelegate.swift */,
				4C686C2D24C7665F002D590D /* ViewController.swift */,
				4C686C2F24C7665F002D590D /* Main.storyboard */,
				4C686C3224C76663002D590D /* Assets.xcassets */,
				4C686C3424C76663002D590D /* LaunchScreen.storyboard */,
				4C686C3724C76663002D590D /* Info.plist */,
			);
			path = "ppm-ios";
			sourceTree = "<group>";
		};
		DFEC8D3ACA3D04F373B33FC0 /* Pods */ = {
			isa = PBXGroup;
			children = (
				B6B845338D913B64B3612BE4 /* Pods-ppm-ios.debug.xcconfig */,
				99E207D9939236A6974AB774 /* Pods-ppm-ios.release.xcconfig */,
			);
			name = Pods;
			path = Pods;
			sourceTree = "<group>";
		};
		F005C0DC3C7C0918AFCBFF2F /* Frameworks */ = {
			isa = PBXGroup;
			children = (
				307722AFA2BCDB58160DE6E5 /* Pods_ppm_ios.framework */,
			);
			name = Frameworks;
			sourceTree = "<group>";
		};
/* End PBXGroup section */

/* Begin PBXNativeTarget section */
		4C686C2524C7665F002D590D /* ppm-ios */ = {
			isa = PBXNativeTarget;
			buildConfigurationList = 4C686C3A24C76663002D590D /* Build configuration list for PBXNativeTarget "ppm-ios" */;
			buildPhases = (
				B23B799441ADB54BBD424ABD /* [CP] Check Pods Manifest.lock */,
				4C686C2224C7665F002D590D /* Sources */,
				4C686C2324C7665F002D590D /* Frameworks */,
				4C686C2424C7665F002D590D /* Resources */,
				3FE57F5811AB94A894E536AE /* [CP] Embed Pods Frameworks */,
			);
			buildRules = (
			);
			dependencies = (
			);
			name = "ppm-ios";
			productName = "ppm-ios";
			productReference = 4C686C2624C7665F002D590D /* ppm-ios.app */;
			productType = "com.apple.product-type.application";
		};
/* End PBXNativeTarget section */

/* Begin PBXProject section */
		4C686C1E24C7665F002D590D /* Project object */ = {
			isa = PBXProject;
			attributes = {
				LastSwiftUpdateCheck = 1150;
				LastUpgradeCheck = 1150;
				ORGANIZATIONNAME = Ndricim;
				TargetAttributes = {
					4C686C2524C7665F002D590D = {
						CreatedOnToolsVersion = 11.5;
					};
				};
			};
			buildConfigurationList = 4C686C2124C7665F002D590D /* Build configuration list for PBXProject "ppm-ios" */;
			compatibilityVersion = "Xcode 9.3";
			developmentRegion = en;
			hasScannedForEncodings = 0;
			knownRegions = (
				en,
				Base,
			);
			mainGroup = 4C686C1D24C7665F002D590D;
			productRefGroup = 4C686C2724C7665F002D590D /* Products */;
			projectDirPath = "";
			projectRoot = "";
			targets = (
				4C686C2524C7665F002D590D /* ppm-ios */,
			);
		};
/* End PBXProject section */

/* Begin PBXResourcesBuildPhase section */
		4C686C2424C7665F002D590D /* Resources */ = {
			isa = PBXResourcesBuildPhase;
			buildActionMask = 2147483647;
			files = (
				4C686C3624C76663002D590D /* LaunchScreen.storyboard in Resources */,
				4C686C3324C76663002D590D /* Assets.xcassets in Resources */,
				4C686C3124C7665F002D590D /* Main.storyboard in Resources */,
			);
			runOnlyForDeploymentPostprocessing = 0;
		};
/* End PBXResourcesBuildPhase section */

/* Begin PBXShellScriptBuildPhase section */
		3FE57F5811AB94A894E536AE /* [CP] Embed Pods Frameworks */ = {
			isa = PBXShellScriptBuildPhase;
			buildActionMask = 2147483647;
			files = (
			);
			inputFileListPaths = (
				"${PODS_ROOT}/Target Support Files/Pods-ppm-ios/Pods-ppm-ios-frameworks-${CONFIGURATION}-input-files.xcfilelist",
			);
			name = "[CP] Embed Pods Frameworks";
			outputFileListPaths = (
				"${PODS_ROOT}/Target Support Files/Pods-ppm-ios/Pods-ppm-ios-frameworks-${CONFIGURATION}-output-files.xcfilelist",
			);
			runOnlyForDeploymentPostprocessing = 0;
			shellPath = /bin/sh;
			shellScript = "\"${PODS_ROOT}/Target Support Files/Pods-ppm-ios/Pods-ppm-ios-frameworks.sh\"\n";
			showEnvVarsInLog = 0;
		};
		B23B799441ADB54BBD424ABD /* [CP] Check Pods Manifest.lock */ = {
			isa = PBXShellScriptBuildPhase;
			buildActionMask = 2147483647;
			files = (
			);
			inputFileListPaths = (
			);
			inputPaths = (
				"${PODS_PODFILE_DIR_PATH}/Podfile.lock",
				"${PODS_ROOT}/Manifest.lock",
			);
			name = "[CP] Check Pods Manifest.lock";
			outputFileListPaths = (
			);
			outputPaths = (
				"$(DERIVED_FILE_DIR)/Pods-ppm-ios-checkManifestLockResult.txt",
			);
			runOnlyForDeploymentPostprocessing = 0;
			shellPath = /bin/sh;
			shellScript = "diff \"${PODS_PODFILE_DIR_PATH}/Podfile.lock\" \"${PODS_ROOT}/Manifest.lock\" > /dev/null\nif [ $? != 0 ] ; then\n    # print error to STDERR\n    echo \"error: The sandbox is not in sync with the Podfile.lock. Run 'pod install' or update your CocoaPods installation.\" >&2\n    exit 1\nfi\n# This output is used by Xcode 'outputs' to avoid re-running this script phase.\necho \"SUCCESS\" > \"${SCRIPT_OUTPUT_FILE_0}\"\n";
			showEnvVarsInLog = 0;
		};
/* End PBXShellScriptBuildPhase section */

/* Begin PBXSourcesBuildPhase section */
		4C686C2224C7665F002D590D /* Sources */ = {
			isa = PBXSourcesBuildPhase;
			buildActionMask = 2147483647;
			files = (
				4C686C2E24C7665F002D590D /* ViewController.swift in Sources */,
				4C686C2A24C7665F002D590D /* AppDelegate.swift in Sources */,
				4C686C2C24C7665F002D590D /* SceneDelegate.swift in Sources */,
			);
			runOnlyForDeploymentPostprocessing = 0;
		};
/* End PBXSourcesBuildPhase section */

/* Begin PBXVariantGroup section */
		4C686C2F24C7665F002D590D /* Main.storyboard */ = {
			isa = PBXVariantGroup;
			children = (
				4C686C3024C7665F002D590D /* Base */,
			);
			name = Main.storyboard;
			sourceTree = "<group>";
		};
		4C686C3424C76663002D590D /* LaunchScreen.storyboard */ = {
			isa = PBXVariantGroup;
			children = (
				4C686C3524C76663002D590D /* Base */,
			);
			name = LaunchScreen.storyboard;
			sourceTree = "<group>";
		};
/* End PBXVariantGroup section */

/* Begin XCBuildConfiguration section */
		4C686C3824C76663002D590D /* Debug */ = {
			isa = XCBuildConfiguration;
			buildSettings = {
				ALWAYS_SEARCH_USER_PATHS = NO;
				CLANG_ANALYZER_NONNULL = YES;
				CLANG_ANALYZER_NUMBER_OBJECT_CONVERSION = YES_AGGRESSIVE;
				CLANG_CXX_LANGUAGE_STANDARD = "gnu++14";
				CLANG_CXX_LIBRARY = "libc++";
				CLANG_ENABLE_MODULES = YES;
				CLANG_ENABLE_OBJC_ARC = YES;
				CLANG_ENABLE_OBJC_WEAK = YES;
				CLANG_WARN_BLOCK_CAPTURE_AUTORELEASING = YES;
				CLANG_WARN_BOOL_CONVERSION = YES;
				CLANG_WARN_COMMA = YES;
				CLANG_WARN_CONSTANT_CONVERSION = YES;
				CLANG_WARN_DEPRECATED_OBJC_IMPLEMENTATIONS = YES;
				CLANG_WARN_DIRECT_OBJC_ISA_USAGE = YES_ERROR;
				CLANG_WARN_DOCUMENTATION_COMMENTS = YES;
				CLANG_WARN_EMPTY_BODY = YES;
				CLANG_WARN_ENUM_CONVERSION = YES;
				CLANG_WARN_INFINITE_RECURSION = YES;
				CLANG_WARN_INT_CONVERSION = YES;
				CLANG_WARN_NON_LITERAL_NULL_CONVERSION = YES;
				CLANG_WARN_OBJC_IMPLICIT_RETAIN_SELF = YES;
				CLANG_WARN_OBJC_LITERAL_CONVERSION = YES;
				CLANG_WARN_OBJC_ROOT_CLASS = YES_ERROR;
				CLANG_WARN_RANGE_LOOP_ANALYSIS = YES;
				CLANG_WARN_STRICT_PROTOTYPES = YES;
				CLANG_WARN_SUSPICIOUS_MOVE = YES;
				CLANG_WARN_UNGUARDED_AVAILABILITY = YES_AGGRESSIVE;
				CLANG_WARN_UNREACHABLE_CODE = YES;
				CLANG_WARN__DUPLICATE_METHOD_MATCH = YES;
				COPY_PHASE_STRIP = NO;
				DEBUG_INFORMATION_FORMAT = dwarf;
				ENABLE_STRICT_OBJC_MSGSEND = YES;
				ENABLE_TESTABILITY = YES;
				GCC_C_LANGUAGE_STANDARD = gnu11;
				GCC_DYNAMIC_NO_PIC = NO;
				GCC_NO_COMMON_BLOCKS = YES;
				GCC_OPTIMIZATION_LEVEL = 0;
				GCC_PREPROCESSOR_DEFINITIONS = (
					"DEBUG=1",
					"$(inherited)",
				);
				GCC_WARN_64_TO_32_BIT_CONVERSION = YES;
				GCC_WARN_ABOUT_RETURN_TYPE = YES_ERROR;
				GCC_WARN_UNDECLARED_SELECTOR = YES;
				GCC_WARN_UNINITIALIZED_AUTOS = YES_AGGRESSIVE;
				GCC_WARN_UNUSED_FUNCTION = YES;
				GCC_WARN_UNUSED_VARIABLE = YES;
				IPHONEOS_DEPLOYMENT_TARGET = 13.5;
				MTL_ENABLE_DEBUG_INFO = INCLUDE_SOURCE;
				MTL_FAST_MATH = YES;
				ONLY_ACTIVE_ARCH = YES;
				SDKROOT = iphoneos;
				SWIFT_ACTIVE_COMPILATION_CONDITIONS = DEBUG;
				SWIFT_OPTIMIZATION_LEVEL = "-Onone";
			};
			name = Debug;
		};
		4C686C3924C76663002D590D /* Release */ = {
			isa = XCBuildConfiguration;
			buildSettings = {
				ALWAYS_SEARCH_USER_PATHS = NO;
				CLANG_ANALYZER_NONNULL = YES;
				CLANG_ANALYZER_NUMBER_OBJECT_CONVERSION = YES_AGGRESSIVE;
				CLANG_CXX_LANGUAGE_STANDARD = "gnu++14";
				CLANG_CXX_LIBRARY = "libc++";
				CLANG_ENABLE_MODULES = YES;
				CLANG_ENABLE_OBJC_ARC = YES;
				CLANG_ENABLE_OBJC_WEAK = YES;
				CLANG_WARN_BLOCK_CAPTURE_AUTORELEASING = YES;
				CLANG_WARN_BOOL_CONVERSION = YES;
				CLANG_WARN_COMMA = YES;
				CLANG_WARN_CONSTANT_CONVERSION = YES;
				CLANG_WARN_DEPRECATED_OBJC_IMPLEMENTATIONS = YES;
				CLANG_WARN_DIRECT_OBJC_ISA_USAGE = YES_ERROR;
				CLANG_WARN_DOCUMENTATION_COMMENTS = YES;
				CLANG_WARN_EMPTY_BODY = YES;
				CLANG_WARN_ENUM_CONVERSION = YES;
				CLANG_WARN_INFINITE_RECURSION = YES;
				CLANG_WARN_INT_CONVERSION = YES;
				CLANG_WARN_NON_LITERAL_NULL_CONVERSION = YES;
				CLANG_WARN_OBJC_IMPLICIT_RETAIN_SELF = YES;
				CLANG_WARN_OBJC_LITERAL_CONVERSION = YES;
				CLANG_WARN_OBJC_ROOT_CLASS = YES_ERROR;
				CLANG_WARN_RANGE_LOOP_ANALYSIS = YES;
				CLANG_WARN_STRICT_PROTOTYPES = YES;
				CLANG_WARN_SUSPICIOUS_MOVE = YES;
				CLANG_WARN_UNGUARDED_AVAILABILITY = YES_AGGRESSIVE;
				CLANG_WARN_UNREACHABLE_CODE = YES;
				CLANG_WARN__DUPLICATE_METHOD_MATCH = YES;
				COPY_PHASE_STRIP = NO;
				DEBUG_INFORMATION_FORMAT = "dwarf-with-dsym";
				ENABLE_NS_ASSERTIONS = NO;
				ENABLE_STRICT_OBJC_MSGSEND = YES;
				GCC_C_LANGUAGE_STANDARD = gnu11;
				GCC_NO_COMMON_BLOCKS = YES;
				GCC_WARN_64_TO_32_BIT_CONVERSION = YES;
				GCC_WARN_ABOUT_RETURN_TYPE = YES_ERROR;
				GCC_WARN_UNDECLARED_SELECTOR = YES;
				GCC_WARN_UNINITIALIZED_AUTOS = YES_AGGRESSIVE;
				GCC_WARN_UNUSED_FUNCTION = YES;
				GCC_WARN_UNUSED_VARIABLE = YES;
				IPHONEOS_DEPLOYMENT_TARGET = 13.5;
				MTL_ENABLE_DEBUG_INFO = NO;
				MTL_FAST_MATH = YES;
				SDKROOT = iphoneos;
				SWIFT_COMPILATION_MODE = wholemodule;
				SWIFT_OPTIMIZATION_LEVEL = "-O";
				VALIDATE_PRODUCT = YES;
			};
			name = Release;
		};
		4C686C3B24C76663002D590D /* Debug */ = {
			isa = XCBuildConfiguration;
			baseConfigurationReference = B6B845338D913B64B3612BE4 /* Pods-ppm-ios.debug.xcconfig */;
			buildSettings = {
				ASSETCATALOG_COMPILER_APPICON_NAME = AppIcon;
				CODE_SIGN_STYLE = Automatic;
				INFOPLIST_FILE = "ppm-ios/Info.plist";
				LD_RUNPATH_SEARCH_PATHS = (
					"$(inherited)",
					"@executable_path/Frameworks",
				);
				PRODUCT_BUNDLE_IDENTIFIER = "com.bmn.ppm-ios";
				PRODUCT_NAME = "$(TARGET_NAME)";
				SWIFT_VERSION = 5.0;
				TARGETED_DEVICE_FAMILY = "1,2";
			};
			name = Debug;
		};
		4C686C3C24C76663002D590D /* Release */ = {
			isa = XCBuildConfiguration;
			baseConfigurationReference = 99E207D9939236A6974AB774 /* Pods-ppm-ios.release.xcconfig */;
			buildSettings = {
				ASSETCATALOG_COMPILER_APPICON_NAME = AppIcon;
				CODE_SIGN_STYLE = Automatic;
				INFOPLIST_FILE = "ppm-ios/Info.plist";
				LD_RUNPATH_SEARCH_PATHS = (
					"$(inherited)",
					"@executable_path/Frameworks",
				);
				PRODUCT_BUNDLE_IDENTIFIER = "com.bmn.ppm-ios";
				PRODUCT_NAME = "$(TARGET_NAME)";
				SWIFT_VERSION = 5.0;
				TARGETED_DEVICE_FAMILY = "1,2";
			};
			name = Release;
		};
/* End XCBuildConfiguration section */

/* Begin XCConfigurationList section */
		4C686C2124C7665F002D590D /* Build configuration list for PBXProject "ppm-ios" */ = {
			isa = XCConfigurationList;
			buildConfigurations = (
				4C686C3824C76663002D590D /* Debug */,
				4C686C3924C76663002D590D /* Release */,
			);
			defaultConfigurationIsVisible = 0;
			defaultConfigurationName = Release;
		};
		4C686C3A24C76663002D590D /* Build configuration list for PBXNativeTarget "ppm-ios" */ = {
			isa = XCConfigurationList;
			buildConfigurations = (
				4C686C3B24C76663002D590D /* Debug */,
				4C686C3C24C76663002D590D /* Release */,
			);
			defaultConfigurationIsVisible = 0;
			defaultConfigurationName = Release;
		};
/* End XCConfigurationList section */
	};
	rootObject = 4C686C1E24C7665F002D590D /* Project object */;
}
