// !$*UTF8*$!
{
	archiveVersion = 1;
	classes = {
	};
	objectVersion = 50;
	objects = {

/* Begin PBXBuildFile section */
		3116C8F3158FDDA3AF93784B /* Pods_book_finder_ios.framework in Frameworks */ = {isa = PBXBuildFile; fileRef = E42CC50FB1439272052E1589 /* Pods_book_finder_ios.framework */; };
		4C986D0F24C0D54E0015BA3E /* AppDelegate.swift in Sources */ = {isa = PBXBuildFile; fileRef = 4C986D0E24C0D54E0015BA3E /* AppDelegate.swift */; };
		4C986D1124C0D54E0015BA3E /* SceneDelegate.swift in Sources */ = {isa = PBXBuildFile; fileRef = 4C986D1024C0D54E0015BA3E /* SceneDelegate.swift */; };
		4C986D1324C0D54E0015BA3E /* ViewController.swift in Sources */ = {isa = PBXBuildFile; fileRef = 4C986D1224C0D54E0015BA3E /* ViewController.swift */; };
		4C986D1624C0D54E0015BA3E /* Main.storyboard in Resources */ = {isa = PBXBuildFile; fileRef = 4C986D1424C0D54E0015BA3E /* Main.storyboard */; };
		4C986D1824C0D5500015BA3E /* Assets.xcassets in Resources */ = {isa = PBXBuildFile; fileRef = 4C986D1724C0D5500015BA3E /* Assets.xcassets */; };
		4C986D1B24C0D5500015BA3E /* LaunchScreen.storyboard in Resources */ = {isa = PBXBuildFile; fileRef = 4C986D1924C0D5500015BA3E /* LaunchScreen.storyboard */; };
/* End PBXBuildFile section */

/* Begin PBXFileReference section */
		43E101F880A2C26DE5AF3E5F /* Pods-book-finder-ios.debug.xcconfig */ = {isa = PBXFileReference; includeInIndex = 1; lastKnownFileType = text.xcconfig; name = "Pods-book-finder-ios.debug.xcconfig"; path = "Target Support Files/Pods-book-finder-ios/Pods-book-finder-ios.debug.xcconfig"; sourceTree = "<group>"; };
		4C986D0B24C0D54E0015BA3E /* book-finder-ios.app */ = {isa = PBXFileReference; explicitFileType = wrapper.application; includeInIndex = 0; path = "book-finder-ios.app"; sourceTree = BUILT_PRODUCTS_DIR; };
		4C986D0E24C0D54E0015BA3E /* AppDelegate.swift */ = {isa = PBXFileReference; lastKnownFileType = sourcecode.swift; path = AppDelegate.swift; sourceTree = "<group>"; };
		4C986D1024C0D54E0015BA3E /* SceneDelegate.swift */ = {isa = PBXFileReference; lastKnownFileType = sourcecode.swift; path = SceneDelegate.swift; sourceTree = "<group>"; };
		4C986D1224C0D54E0015BA3E /* ViewController.swift */ = {isa = PBXFileReference; lastKnownFileType = sourcecode.swift; path = ViewController.swift; sourceTree = "<group>"; };
		4C986D1524C0D54E0015BA3E /* Base */ = {isa = PBXFileReference; lastKnownFileType = file.storyboard; name = Base; path = Base.lproj/Main.storyboard; sourceTree = "<group>"; };
		4C986D1724C0D5500015BA3E /* Assets.xcassets */ = {isa = PBXFileReference; lastKnownFileType = folder.assetcatalog; path = Assets.xcassets; sourceTree = "<group>"; };
		4C986D1A24C0D5500015BA3E /* Base */ = {isa = PBXFileReference; lastKnownFileType = file.storyboard; name = Base; path = Base.lproj/LaunchScreen.storyboard; sourceTree = "<group>"; };
		4C986D1C24C0D5500015BA3E /* Info.plist */ = {isa = PBXFileReference; lastKnownFileType = text.plist.xml; path = Info.plist; sourceTree = "<group>"; };
		9929F5D0C037E96184F2FF68 /* Pods-book-finder-ios.release.xcconfig */ = {isa = PBXFileReference; includeInIndex = 1; lastKnownFileType = text.xcconfig; name = "Pods-book-finder-ios.release.xcconfig"; path = "Target Support Files/Pods-book-finder-ios/Pods-book-finder-ios.release.xcconfig"; sourceTree = "<group>"; };
		E42CC50FB1439272052E1589 /* Pods_book_finder_ios.framework */ = {isa = PBXFileReference; explicitFileType = wrapper.framework; includeInIndex = 0; path = Pods_book_finder_ios.framework; sourceTree = BUILT_PRODUCTS_DIR; };
/* End PBXFileReference section */

/* Begin PBXFrameworksBuildPhase section */
		4C986D0824C0D54E0015BA3E /* Frameworks */ = {
			isa = PBXFrameworksBuildPhase;
			buildActionMask = 2147483647;
			files = (
				3116C8F3158FDDA3AF93784B /* Pods_book_finder_ios.framework in Frameworks */,
			);
			runOnlyForDeploymentPostprocessing = 0;
		};
/* End PBXFrameworksBuildPhase section */

/* Begin PBXGroup section */
		0D2AD40103A668FB0B9E82CA /* Pods */ = {
			isa = PBXGroup;
			children = (
				43E101F880A2C26DE5AF3E5F /* Pods-book-finder-ios.debug.xcconfig */,
				9929F5D0C037E96184F2FF68 /* Pods-book-finder-ios.release.xcconfig */,
			);
			name = Pods;
			path = Pods;
			sourceTree = "<group>";
		};
		43528660480C4A1464BC03FD /* Frameworks */ = {
			isa = PBXGroup;
			children = (
				E42CC50FB1439272052E1589 /* Pods_book_finder_ios.framework */,
			);
			name = Frameworks;
			sourceTree = "<group>";
		};
		4C986D0224C0D54E0015BA3E = {
			isa = PBXGroup;
			children = (
				4C986D0D24C0D54E0015BA3E /* book-finder-ios */,
				4C986D0C24C0D54E0015BA3E /* Products */,
				0D2AD40103A668FB0B9E82CA /* Pods */,
				43528660480C4A1464BC03FD /* Frameworks */,
			);
			sourceTree = "<group>";
		};
		4C986D0C24C0D54E0015BA3E /* Products */ = {
			isa = PBXGroup;
			children = (
				4C986D0B24C0D54E0015BA3E /* book-finder-ios.app */,
			);
			name = Products;
			sourceTree = "<group>";
		};
		4C986D0D24C0D54E0015BA3E /* book-finder-ios */ = {
			isa = PBXGroup;
			children = (
				4C986D0E24C0D54E0015BA3E /* AppDelegate.swift */,
				4C986D1024C0D54E0015BA3E /* SceneDelegate.swift */,
				4C986D1224C0D54E0015BA3E /* ViewController.swift */,
				4C986D1424C0D54E0015BA3E /* Main.storyboard */,
				4C986D1724C0D5500015BA3E /* Assets.xcassets */,
				4C986D1924C0D5500015BA3E /* LaunchScreen.storyboard */,
				4C986D1C24C0D5500015BA3E /* Info.plist */,
			);
			path = "book-finder-ios";
			sourceTree = "<group>";
		};
/* End PBXGroup section */

/* Begin PBXNativeTarget section */
		4C986D0A24C0D54E0015BA3E /* book-finder-ios */ = {
			isa = PBXNativeTarget;
			buildConfigurationList = 4C986D1F24C0D5500015BA3E /* Build configuration list for PBXNativeTarget "book-finder-ios" */;
			buildPhases = (
				A9E9350A7AE6F39923084C0C /* [CP] Check Pods Manifest.lock */,
				4C986D0724C0D54E0015BA3E /* Sources */,
				4C986D0824C0D54E0015BA3E /* Frameworks */,
				4C986D0924C0D54E0015BA3E /* Resources */,
				FA2351ECC90300D9EC633F04 /* [CP] Embed Pods Frameworks */,
			);
			buildRules = (
			);
			dependencies = (
			);
			name = "book-finder-ios";
			productName = "book-finder-ios";
			productReference = 4C986D0B24C0D54E0015BA3E /* book-finder-ios.app */;
			productType = "com.apple.product-type.application";
		};
/* End PBXNativeTarget section */

/* Begin PBXProject section */
		4C986D0324C0D54E0015BA3E /* Project object */ = {
			isa = PBXProject;
			attributes = {
				LastSwiftUpdateCheck = 1150;
				LastUpgradeCheck = 1150;
				ORGANIZATIONNAME = Ndricim;
				TargetAttributes = {
					4C986D0A24C0D54E0015BA3E = {
						CreatedOnToolsVersion = 11.5;
					};
				};
			};
			buildConfigurationList = 4C986D0624C0D54E0015BA3E /* Build configuration list for PBXProject "book-finder-ios" */;
			compatibilityVersion = "Xcode 9.3";
			developmentRegion = en;
			hasScannedForEncodings = 0;
			knownRegions = (
				en,
				Base,
			);
			mainGroup = 4C986D0224C0D54E0015BA3E;
			productRefGroup = 4C986D0C24C0D54E0015BA3E /* Products */;
			projectDirPath = "";
			projectRoot = "";
			targets = (
				4C986D0A24C0D54E0015BA3E /* book-finder-ios */,
			);
		};
/* End PBXProject section */

/* Begin PBXResourcesBuildPhase section */
		4C986D0924C0D54E0015BA3E /* Resources */ = {
			isa = PBXResourcesBuildPhase;
			buildActionMask = 2147483647;
			files = (
				4C986D1B24C0D5500015BA3E /* LaunchScreen.storyboard in Resources */,
				4C986D1824C0D5500015BA3E /* Assets.xcassets in Resources */,
				4C986D1624C0D54E0015BA3E /* Main.storyboard in Resources */,
			);
			runOnlyForDeploymentPostprocessing = 0;
		};
/* End PBXResourcesBuildPhase section */

/* Begin PBXShellScriptBuildPhase section */
		A9E9350A7AE6F39923084C0C /* [CP] Check Pods Manifest.lock */ = {
			isa = PBXShellScriptBuildPhase;
			buildActionMask = 2147483647;
			files = (
			);
			inputFileListPaths = (
			);
			inputPaths = (
				"${PODS_PODFILE_DIR_PATH}/Podfile.lock",
				"${PODS_ROOT}/Manifest.lock",
			);
			name = "[CP] Check Pods Manifest.lock";
			outputFileListPaths = (
			);
			outputPaths = (
				"$(DERIVED_FILE_DIR)/Pods-book-finder-ios-checkManifestLockResult.txt",
			);
			runOnlyForDeploymentPostprocessing = 0;
			shellPath = /bin/sh;
			shellScript = "diff \"${PODS_PODFILE_DIR_PATH}/Podfile.lock\" \"${PODS_ROOT}/Manifest.lock\" > /dev/null\nif [ $? != 0 ] ; then\n    # print error to STDERR\n    echo \"error: The sandbox is not in sync with the Podfile.lock. Run 'pod install' or update your CocoaPods installation.\" >&2\n    exit 1\nfi\n# This output is used by Xcode 'outputs' to avoid re-running this script phase.\necho \"SUCCESS\" > \"${SCRIPT_OUTPUT_FILE_0}\"\n";
			showEnvVarsInLog = 0;
		};
		FA2351ECC90300D9EC633F04 /* [CP] Embed Pods Frameworks */ = {
			isa = PBXShellScriptBuildPhase;
			buildActionMask = 2147483647;
			files = (
			);
			inputFileListPaths = (
				"${PODS_ROOT}/Target Support Files/Pods-book-finder-ios/Pods-book-finder-ios-frameworks-${CONFIGURATION}-input-files.xcfilelist",
			);
			name = "[CP] Embed Pods Frameworks";
			outputFileListPaths = (
				"${PODS_ROOT}/Target Support Files/Pods-book-finder-ios/Pods-book-finder-ios-frameworks-${CONFIGURATION}-output-files.xcfilelist",
			);
			runOnlyForDeploymentPostprocessing = 0;
			shellPath = /bin/sh;
			shellScript = "\"${PODS_ROOT}/Target Support Files/Pods-book-finder-ios/Pods-book-finder-ios-frameworks.sh\"\n";
			showEnvVarsInLog = 0;
		};
/* End PBXShellScriptBuildPhase section */

/* Begin PBXSourcesBuildPhase section */
		4C986D0724C0D54E0015BA3E /* Sources */ = {
			isa = PBXSourcesBuildPhase;
			buildActionMask = 2147483647;
			files = (
				4C986D1324C0D54E0015BA3E /* ViewController.swift in Sources */,
				4C986D0F24C0D54E0015BA3E /* AppDelegate.swift in Sources */,
				4C986D1124C0D54E0015BA3E /* SceneDelegate.swift in Sources */,
			);
			runOnlyForDeploymentPostprocessing = 0;
		};
/* End PBXSourcesBuildPhase section */

/* Begin PBXVariantGroup section */
		4C986D1424C0D54E0015BA3E /* Main.storyboard */ = {
			isa = PBXVariantGroup;
			children = (
				4C986D1524C0D54E0015BA3E /* Base */,
			);
			name = Main.storyboard;
			sourceTree = "<group>";
		};
		4C986D1924C0D5500015BA3E /* LaunchScreen.storyboard */ = {
			isa = PBXVariantGroup;
			children = (
				4C986D1A24C0D5500015BA3E /* Base */,
			);
			name = LaunchScreen.storyboard;
			sourceTree = "<group>";
		};
/* End PBXVariantGroup section */

/* Begin XCBuildConfiguration section */
		4C986D1D24C0D5500015BA3E /* Debug */ = {
			isa = XCBuildConfiguration;
			buildSettings = {
				ALWAYS_SEARCH_USER_PATHS = NO;
				CLANG_ANALYZER_NONNULL = YES;
				CLANG_ANALYZER_NUMBER_OBJECT_CONVERSION = YES_AGGRESSIVE;
				CLANG_CXX_LANGUAGE_STANDARD = "gnu++14";
				CLANG_CXX_LIBRARY = "libc++";
				CLANG_ENABLE_MODULES = YES;
				CLANG_ENABLE_OBJC_ARC = YES;
				CLANG_ENABLE_OBJC_WEAK = YES;
				CLANG_WARN_BLOCK_CAPTURE_AUTORELEASING = YES;
				CLANG_WARN_BOOL_CONVERSION = YES;
				CLANG_WARN_COMMA = YES;
				CLANG_WARN_CONSTANT_CONVERSION = YES;
				CLANG_WARN_DEPRECATED_OBJC_IMPLEMENTATIONS = YES;
				CLANG_WARN_DIRECT_OBJC_ISA_USAGE = YES_ERROR;
				CLANG_WARN_DOCUMENTATION_COMMENTS = YES;
				CLANG_WARN_EMPTY_BODY = YES;
				CLANG_WARN_ENUM_CONVERSION = YES;
				CLANG_WARN_INFINITE_RECURSION = YES;
				CLANG_WARN_INT_CONVERSION = YES;
				CLANG_WARN_NON_LITERAL_NULL_CONVERSION = YES;
				CLANG_WARN_OBJC_IMPLICIT_RETAIN_SELF = YES;
				CLANG_WARN_OBJC_LITERAL_CONVERSION = YES;
				CLANG_WARN_OBJC_ROOT_CLASS = YES_ERROR;
				CLANG_WARN_RANGE_LOOP_ANALYSIS = YES;
				CLANG_WARN_STRICT_PROTOTYPES = YES;
				CLANG_WARN_SUSPICIOUS_MOVE = YES;
				CLANG_WARN_UNGUARDED_AVAILABILITY = YES_AGGRESSIVE;
				CLANG_WARN_UNREACHABLE_CODE = YES;
				CLANG_WARN__DUPLICATE_METHOD_MATCH = YES;
				COPY_PHASE_STRIP = NO;
				DEBUG_INFORMATION_FORMAT = dwarf;
				ENABLE_STRICT_OBJC_MSGSEND = YES;
				ENABLE_TESTABILITY = YES;
				GCC_C_LANGUAGE_STANDARD = gnu11;
				GCC_DYNAMIC_NO_PIC = NO;
				GCC_NO_COMMON_BLOCKS = YES;
				GCC_OPTIMIZATION_LEVEL = 0;
				GCC_PREPROCESSOR_DEFINITIONS = (
					"DEBUG=1",
					"$(inherited)",
				);
				GCC_WARN_64_TO_32_BIT_CONVERSION = YES;
				GCC_WARN_ABOUT_RETURN_TYPE = YES_ERROR;
				GCC_WARN_UNDECLARED_SELECTOR = YES;
				GCC_WARN_UNINITIALIZED_AUTOS = YES_AGGRESSIVE;
				GCC_WARN_UNUSED_FUNCTION = YES;
				GCC_WARN_UNUSED_VARIABLE = YES;
				IPHONEOS_DEPLOYMENT_TARGET = 13.5;
				MTL_ENABLE_DEBUG_INFO = INCLUDE_SOURCE;
				MTL_FAST_MATH = YES;
				ONLY_ACTIVE_ARCH = YES;
				SDKROOT = iphoneos;
				SWIFT_ACTIVE_COMPILATION_CONDITIONS = DEBUG;
				SWIFT_OPTIMIZATION_LEVEL = "-Onone";
			};
			name = Debug;
		};
		4C986D1E24C0D5500015BA3E /* Release */ = {
			isa = XCBuildConfiguration;
			buildSettings = {
				ALWAYS_SEARCH_USER_PATHS = NO;
				CLANG_ANALYZER_NONNULL = YES;
				CLANG_ANALYZER_NUMBER_OBJECT_CONVERSION = YES_AGGRESSIVE;
				CLANG_CXX_LANGUAGE_STANDARD = "gnu++14";
				CLANG_CXX_LIBRARY = "libc++";
				CLANG_ENABLE_MODULES = YES;
				CLANG_ENABLE_OBJC_ARC = YES;
				CLANG_ENABLE_OBJC_WEAK = YES;
				CLANG_WARN_BLOCK_CAPTURE_AUTORELEASING = YES;
				CLANG_WARN_BOOL_CONVERSION = YES;
				CLANG_WARN_COMMA = YES;
				CLANG_WARN_CONSTANT_CONVERSION = YES;
				CLANG_WARN_DEPRECATED_OBJC_IMPLEMENTATIONS = YES;
				CLANG_WARN_DIRECT_OBJC_ISA_USAGE = YES_ERROR;
				CLANG_WARN_DOCUMENTATION_COMMENTS = YES;
				CLANG_WARN_EMPTY_BODY = YES;
				CLANG_WARN_ENUM_CONVERSION = YES;
				CLANG_WARN_INFINITE_RECURSION = YES;
				CLANG_WARN_INT_CONVERSION = YES;
				CLANG_WARN_NON_LITERAL_NULL_CONVERSION = YES;
				CLANG_WARN_OBJC_IMPLICIT_RETAIN_SELF = YES;
				CLANG_WARN_OBJC_LITERAL_CONVERSION = YES;
				CLANG_WARN_OBJC_ROOT_CLASS = YES_ERROR;
				CLANG_WARN_RANGE_LOOP_ANALYSIS = YES;
				CLANG_WARN_STRICT_PROTOTYPES = YES;
				CLANG_WARN_SUSPICIOUS_MOVE = YES;
				CLANG_WARN_UNGUARDED_AVAILABILITY = YES_AGGRESSIVE;
				CLANG_WARN_UNREACHABLE_CODE = YES;
				CLANG_WARN__DUPLICATE_METHOD_MATCH = YES;
				COPY_PHASE_STRIP = NO;
				DEBUG_INFORMATION_FORMAT = "dwarf-with-dsym";
				ENABLE_NS_ASSERTIONS = NO;
				ENABLE_STRICT_OBJC_MSGSEND = YES;
				GCC_C_LANGUAGE_STANDARD = gnu11;
				GCC_NO_COMMON_BLOCKS = YES;
				GCC_WARN_64_TO_32_BIT_CONVERSION = YES;
				GCC_WARN_ABOUT_RETURN_TYPE = YES_ERROR;
				GCC_WARN_UNDECLARED_SELECTOR = YES;
				GCC_WARN_UNINITIALIZED_AUTOS = YES_AGGRESSIVE;
				GCC_WARN_UNUSED_FUNCTION = YES;
				GCC_WARN_UNUSED_VARIABLE = YES;
				IPHONEOS_DEPLOYMENT_TARGET = 13.5;
				MTL_ENABLE_DEBUG_INFO = NO;
				MTL_FAST_MATH = YES;
				SDKROOT = iphoneos;
				SWIFT_COMPILATION_MODE = wholemodule;
				SWIFT_OPTIMIZATION_LEVEL = "-O";
				VALIDATE_PRODUCT = YES;
			};
			name = Release;
		};
		4C986D2024C0D5500015BA3E /* Debug */ = {
			isa = XCBuildConfiguration;
			baseConfigurationReference = 43E101F880A2C26DE5AF3E5F /* Pods-book-finder-ios.debug.xcconfig */;
			buildSettings = {
				ASSETCATALOG_COMPILER_APPICON_NAME = AppIcon;
				CODE_SIGN_STYLE = Automatic;
				INFOPLIST_FILE = "book-finder-ios/Info.plist";
				LD_RUNPATH_SEARCH_PATHS = (
					"$(inherited)",
					"@executable_path/Frameworks",
				);
				PRODUCT_BUNDLE_IDENTIFIER = "com.bmn.book-finder-ios";
				PRODUCT_NAME = "$(TARGET_NAME)";
				SWIFT_VERSION = 5.0;
				TARGETED_DEVICE_FAMILY = "1,2";
			};
			name = Debug;
		};
		4C986D2124C0D5500015BA3E /* Release */ = {
			isa = XCBuildConfiguration;
			baseConfigurationReference = 9929F5D0C037E96184F2FF68 /* Pods-book-finder-ios.release.xcconfig */;
			buildSettings = {
				ASSETCATALOG_COMPILER_APPICON_NAME = AppIcon;
				CODE_SIGN_STYLE = Automatic;
				INFOPLIST_FILE = "book-finder-ios/Info.plist";
				LD_RUNPATH_SEARCH_PATHS = (
					"$(inherited)",
					"@executable_path/Frameworks",
				);
				PRODUCT_BUNDLE_IDENTIFIER = "com.bmn.book-finder-ios";
				PRODUCT_NAME = "$(TARGET_NAME)";
				SWIFT_VERSION = 5.0;
				TARGETED_DEVICE_FAMILY = "1,2";
			};
			name = Release;
		};
/* End XCBuildConfiguration section */

/* Begin XCConfigurationList section */
		4C986D0624C0D54E0015BA3E /* Build configuration list for PBXProject "book-finder-ios" */ = {
			isa = XCConfigurationList;
			buildConfigurations = (
				4C986D1D24C0D5500015BA3E /* Debug */,
				4C986D1E24C0D5500015BA3E /* Release */,
			);
			defaultConfigurationIsVisible = 0;
			defaultConfigurationName = Release;
		};
		4C986D1F24C0D5500015BA3E /* Build configuration list for PBXNativeTarget "book-finder-ios" */ = {
			isa = XCConfigurationList;
			buildConfigurations = (
				4C986D2024C0D5500015BA3E /* Debug */,
				4C986D2124C0D5500015BA3E /* Release */,
			);
			defaultConfigurationIsVisible = 0;
			defaultConfigurationName = Release;
		};
/* End XCConfigurationList section */
	};
	rootObject = 4C986D0324C0D54E0015BA3E /* Project object */;
}
